
Microsoft Visual Studio Solution File, Format Version 12.00
# Visual Studio 14
VisualStudioVersion = 14.0.25420.1
MinimumVisualStudioVersion = 10.0.40219.1
Project("{8BC9CEB8-8B4A-11D0-8D11-00A0C91BC942}") = "FBXProject", "FBXProject\FBXProject.vcxproj", "{D1E2BFFC-6650-4829-B1F2-120820847E80}"
EndProject
Project("{8BC9CEB8-8B4A-11D0-8D11-00A0C91BC942}") = "FBXWrapper", "FBXWrapper\FBXWrapper.vcxproj", "{600A95FF-9300-4521-A519-D00ED808B2E7}"
EndProject
Global
	GlobalSection(SolutionConfigurationPlatforms) = preSolution
		Debug|ARM = Debug|ARM
		Debug|x64 = Debug|x64
		Debug|x86 = Debug|x86
		Release|ARM = Release|ARM
		Release|x64 = Release|x64
		Release|x86 = Release|x86
	EndGlobalSection
	GlobalSection(ProjectConfigurationPlatforms) = postSolution
		{D1E2BFFC-6650-4829-B1F2-120820847E80}.Debug|ARM.ActiveCfg = Debug|Win32
		{D1E2BFFC-6650-4829-B1F2-120820847E80}.Debug|x64.ActiveCfg = Debug|x64
		{D1E2BFFC-6650-4829-B1F2-120820847E80}.Debug|x64.Build.0 = Debug|x64
		{D1E2BFFC-6650-4829-B1F2-120820847E80}.Debug|x86.ActiveCfg = Debug|Win32
		{D1E2BFFC-6650-4829-B1F2-120820847E80}.Debug|x86.Build.0 = Debug|Win32
		{D1E2BFFC-6650-4829-B1F2-120820847E80}.Release|ARM.ActiveCfg = Release|Win32
		{D1E2BFFC-6650-4829-B1F2-120820847E80}.Release|x64.ActiveCfg = Release|x64
		{D1E2BFFC-6650-4829-B1F2-120820847E80}.Release|x64.Build.0 = Release|x64
		{D1E2BFFC-6650-4829-B1F2-120820847E80}.Release|x86.ActiveCfg = Release|Win32
		{D1E2BFFC-6650-4829-B1F2-120820847E80}.Release|x86.Build.0 = Release|Win32
		{600A95FF-9300-4521-A519-D00ED808B2E7}.Debug|ARM.ActiveCfg = Debug|Win32
		{600A95FF-9300-4521-A519-D00ED808B2E7}.Debug|x64.ActiveCfg = Debug|x64
		{600A95FF-9300-4521-A519-D00ED808B2E7}.Debug|x64.Build.0 = Debug|x64
		{600A95FF-9300-4521-A519-D00ED808B2E7}.Debug|x86.ActiveCfg = Debug|Win32
		{600A95FF-9300-4521-A519-D00ED808B2E7}.Debug|x86.Build.0 = Debug|Win32
		{600A95FF-9300-4521-A519-D00ED808B2E7}.Release|ARM.ActiveCfg = Release|Win32
		{600A95FF-9300-4521-A519-D00ED808B2E7}.Release|x64.ActiveCfg = Release|x64
		{600A95FF-9300-4521-A519-D00ED808B2E7}.Release|x64.Build.0 = Release|x64
		{600A95FF-9300-4521-A519-D00ED808B2E7}.Release|x86.ActiveCfg = Release|Win32
		{600A95FF-9300-4521-A519-D00ED808B2E7}.Release|x86.Build.0 = Release|Win32
	EndGlobalSection
	GlobalSection(SolutionProperties) = preSolution
		HideSolutionNode = FALSE
	EndGlobalSection
EndGlobal
